
Microsoft Visual Studio Solution File, Format Version 12.00
# Visual Studio Version 17
VisualStudioVersion = 17.4.33122.133
MinimumVisualStudioVersion = 10.0.40219.1
Project("{2150E333-8FDC-42A3-9474-1A3956D46DE8}") = "Chpater2", "Chpater2", "{C6B1B3F5-3A62-4087-910B-91DF3FD9B678}"
EndProject
Project("{FAE04EC0-301F-11D3-BF4B-00C04F79EFBC}") = "LogAn", "Chapter2\LogAn\LogAn.csproj", "{5B935035-540E-4F31-92DC-F0B0E7C6B10B}"
EndProject
Project("{FAE04EC0-301F-11D3-BF4B-00C04F79EFBC}") = "LogAn.UnitTests", "Chapter2\LogAn.UnitTests\LogAn.UnitTests.csproj", "{43EC32B1-BCEB-407E-873A-DA74F32B77CC}"
EndProject
Global
	GlobalSection(SolutionConfigurationPlatforms) = preSolution
		Debug|Any CPU = Debug|Any CPU
		Release|Any CPU = Release|Any CPU
	EndGlobalSection
	GlobalSection(ProjectConfigurationPlatforms) = postSolution
		{5B935035-540E-4F31-92DC-F0B0E7C6B10B}.Debug|Any CPU.ActiveCfg = Debug|Any CPU
		{5B935035-540E-4F31-92DC-F0B0E7C6B10B}.Debug|Any CPU.Build.0 = Debug|Any CPU
		{5B935035-540E-4F31-92DC-F0B0E7C6B10B}.Release|Any CPU.ActiveCfg = Release|Any CPU
		{5B935035-540E-4F31-92DC-F0B0E7C6B10B}.Release|Any CPU.Build.0 = Release|Any CPU
		{43EC32B1-BCEB-407E-873A-DA74F32B77CC}.Debug|Any CPU.ActiveCfg = Debug|Any CPU
		{43EC32B1-BCEB-407E-873A-DA74F32B77CC}.Debug|Any CPU.Build.0 = Debug|Any CPU
		{43EC32B1-BCEB-407E-873A-DA74F32B77CC}.Release|Any CPU.ActiveCfg = Release|Any CPU
		{43EC32B1-BCEB-407E-873A-DA74F32B77CC}.Release|Any CPU.Build.0 = Release|Any CPU
	EndGlobalSection
	GlobalSection(SolutionProperties) = preSolution
		HideSolutionNode = FALSE
	EndGlobalSection
	GlobalSection(NestedProjects) = preSolution
		{5B935035-540E-4F31-92DC-F0B0E7C6B10B} = {C6B1B3F5-3A62-4087-910B-91DF3FD9B678}
		{43EC32B1-BCEB-407E-873A-DA74F32B77CC} = {C6B1B3F5-3A62-4087-910B-91DF3FD9B678}
	EndGlobalSection
	GlobalSection(ExtensibilityGlobals) = postSolution
		SolutionGuid = {C727EB9C-D965-4A10-8085-1903F808E969}
	EndGlobalSection
EndGlobal
